{
    "name": "TADA",
    "lockfileVersion": 3,
    "requires": true,
    "packages": {
        "": {
            "dependencies": {
                "prettier": "^3.4.1"
            }
        },
        "node_modules/prettier": {
            "version": "3.4.1",
            "resolved": "https://registry.npmjs.org/prettier/-/prettier-3.4.1.tgz",
            "integrity": "sha512-G+YdqtITVZmOJje6QkXQWzl3fSfMxFwm1tjTyo9exhkmWSqC4Yhd1+lug++IlR2mvRVAxEDDWYkQdeSztajqgg==",
            "bin": {
                "prettier": "bin/prettier.cjs"
            },
            "engines": {
                "node": ">=14"
            },
            "funding": {
                "url": "https://github.com/prettier/prettier?sponsor=1"
            }
        },
        "src/api": {
            "name": "bouyguestelecom-api",
            "version": "0.1.0",
            "extraneous": true,
            "license": "ISC",
            "dependencies": {
                "cors": "^2.8.5",
                "dotenv": "^16.4.5",
                "express": "^4.17.1",
                "express-rate-limit": "^7.1.5",
                "form-data": "^4.0.1",
                "joi": "^17.13.3",
                "minio": "^8.0.1",
                "morgan": "^1.10.0",
                "multer": "^1.4.5-lts.1",
                "node-fetch": "^2.7.0",
                "pdf-lib": "^1.17.1",
                "redis": "^4.6.7",
                "sharp": "^0.33.4",
                "typescript": "^5",
                "uuid": "^10.0.0",
                "winston": "^3.15.0"
            },
            "devDependencies": {
                "@types/cors": "^2.8.10",
                "@types/express": "^4.17.4",
                "@types/morgan": "^1.9.9",
                "@types/multer": "^1.4.12",
                "@types/node": "^20.11.2",
                "ts-node": "^10.6.0"
            }
        },
        "src/backup-and-clean/src": {
            "name": "bouyguestelecom-backup-and-clean",
            "version": "1.0.0",
            "extraneous": true,
            "dependencies": {
                "dotenv": "^16.4.5",
                "typescript": "^5",
                "winston": "^3.15.0"
            },
            "devDependencies": {
                "@types/node": "^20.11.2",
                "ts-node": "^10.6.0"
            }
        }
    }
}
